
Microsoft Visual Studio Solution File, Format Version 12.00
# Visual Studio Version 17
VisualStudioVersion = 17.7.34302.85
MinimumVisualStudioVersion = 10.0.40219.1
Project("{FAE04EC0-301F-11D3-BF4B-00C04F79EFBC}") = "OphalenWeerkaartenKnmi", "OphalenWeerkaartenKnmi.csproj", "{EA0D52A2-D39F-4A1B-AC21-9E4DEDB44382}"
EndProject
Global
	GlobalSection(SolutionConfigurationPlatforms) = preSolution
		Debug|Any CPU = Debug|Any CPU
		Release|Any CPU = Release|Any CPU
	EndGlobalSection
	GlobalSection(ProjectConfigurationPlatforms) = postSolution
		{EA0D52A2-D39F-4A1B-AC21-9E4DEDB44382}.Debug|Any CPU.ActiveCfg = Debug|Any CPU
		{EA0D52A2-D39F-4A1B-AC21-9E4DEDB44382}.Debug|Any CPU.Build.0 = Debug|Any CPU
		{EA0D52A2-D39F-4A1B-AC21-9E4DEDB44382}.Release|Any CPU.ActiveCfg = Release|Any CPU
		{EA0D52A2-D39F-4A1B-AC21-9E4DEDB44382}.Release|Any CPU.Build.0 = Release|Any CPU
	EndGlobalSection
	GlobalSection(SolutionProperties) = preSolution
		HideSolutionNode = FALSE
	EndGlobalSection
	GlobalSection(ExtensibilityGlobals) = postSolution
		SolutionGuid = {B604797B-5796-485A-B348-BDFD30F6FD32}
	EndGlobalSection
EndGlobal
